
Microsoft Visual Studio Solution File, Format Version 12.00
# Visual Studio Version 16
VisualStudioVersion = 16.0.29926.136
MinimumVisualStudioVersion = 10.0.40219.1
Project("{FAE04EC0-301F-11D3-BF4B-00C04F79EFBC}") = "TestApplication", "TestApplication\TestApplication.csproj", "{C020C69F-F4A2-40F6-B557-734ACC87C0AA}"
EndProject
Project("{FAE04EC0-301F-11D3-BF4B-00C04F79EFBC}") = "TestServices", "TestServices\TestServices.csproj", "{58357428-E867-4593-98A1-F42F97E066C2}"
EndProject
Project("{FAE04EC0-301F-11D3-BF4B-00C04F79EFBC}") = "TestDAL", "TestDAL\TestDAL.csproj", "{3091EF5A-3431-4FF2-B344-D401D627EDFA}"
EndProject
Global
	GlobalSection(SolutionConfigurationPlatforms) = preSolution
		Debug|Any CPU = Debug|Any CPU
		Release|Any CPU = Release|Any CPU
	EndGlobalSection
	GlobalSection(ProjectConfigurationPlatforms) = postSolution
		{C020C69F-F4A2-40F6-B557-734ACC87C0AA}.Debug|Any CPU.ActiveCfg = Debug|Any CPU
		{C020C69F-F4A2-40F6-B557-734ACC87C0AA}.Debug|Any CPU.Build.0 = Debug|Any CPU
		{C020C69F-F4A2-40F6-B557-734ACC87C0AA}.Release|Any CPU.ActiveCfg = Release|Any CPU
		{C020C69F-F4A2-40F6-B557-734ACC87C0AA}.Release|Any CPU.Build.0 = Release|Any CPU
		{58357428-E867-4593-98A1-F42F97E066C2}.Debug|Any CPU.ActiveCfg = Debug|Any CPU
		{58357428-E867-4593-98A1-F42F97E066C2}.Debug|Any CPU.Build.0 = Debug|Any CPU
		{58357428-E867-4593-98A1-F42F97E066C2}.Release|Any CPU.ActiveCfg = Release|Any CPU
		{58357428-E867-4593-98A1-F42F97E066C2}.Release|Any CPU.Build.0 = Release|Any CPU
		{3091EF5A-3431-4FF2-B344-D401D627EDFA}.Debug|Any CPU.ActiveCfg = Debug|Any CPU
		{3091EF5A-3431-4FF2-B344-D401D627EDFA}.Debug|Any CPU.Build.0 = Debug|Any CPU
		{3091EF5A-3431-4FF2-B344-D401D627EDFA}.Release|Any CPU.ActiveCfg = Release|Any CPU
		{3091EF5A-3431-4FF2-B344-D401D627EDFA}.Release|Any CPU.Build.0 = Release|Any CPU
	EndGlobalSection
	GlobalSection(SolutionProperties) = preSolution
		HideSolutionNode = FALSE
	EndGlobalSection
	GlobalSection(ExtensibilityGlobals) = postSolution
		SolutionGuid = {A4139BE8-D7B0-4007-ABBE-D8949BFBD594}
	EndGlobalSection
EndGlobal
